
Microsoft Visual Studio Solution File, Format Version 12.00
# Visual Studio Version 17
VisualStudioVersion = 17.5.33516.290
MinimumVisualStudioVersion = 10.0.40219.1
Project("{FAE04EC0-301F-11D3-BF4B-00C04F79EFBC}") = "HVLH.SistemaCaja.Repositorio", "HVLH.SistemaCaja.Repositorio\HVLH.SistemaCaja.Repositorio.csproj", "{82F4D07B-A81D-43CA-83E0-C7DA61508215}"
EndProject
Project("{FAE04EC0-301F-11D3-BF4B-00C04F79EFBC}") = "HVLH.SistemaCaja.Modelo", "HVLH.SistemaCaja.Modelo\HVLH.SistemaCaja.Modelo.csproj", "{A11FA77F-780A-49C2-B5BF-9629879AF622}"
EndProject
Project("{FAE04EC0-301F-11D3-BF4B-00C04F79EFBC}") = "HVLH.SistemaCaja.Servicio", "HVLH.SistemaCaja.Servicio\HVLH.SistemaCaja.Servicio.csproj", "{005F49BE-99D6-47A1-AC46-6F757886A339}"
EndProject
Project("{FAE04EC0-301F-11D3-BF4B-00C04F79EFBC}") = "HVLH.SistemaCaja.Comun", "HVLH.SistemaCaja.Comun\HVLH.SistemaCaja.Comun.csproj", "{C7DB9AB5-C847-407F-90CE-21B44EC9F344}"
EndProject
Project("{FAE04EC0-301F-11D3-BF4B-00C04F79EFBC}") = "HVLH.SistemaCaja.AppWin", "HVLH.SistemaCaja.AppWin\HVLH.SistemaCaja.AppWin.csproj", "{4B3BA4FF-0329-482B-B402-2483B51CA221}"
EndProject
Project("{FAE04EC0-301F-11D3-BF4B-00C04F79EFBC}") = "HVLH.SistemaCaja.TestPrint", "HVLH.SistemaCaja.TestPrint\HVLH.SistemaCaja.TestPrint.csproj", "{D3C04EF9-32FF-43D5-8BF6-D69205FA4064}"
EndProject
Project("{2150E333-8FDC-42A3-9474-1A3956D46DE8}") = "01. Caja", "01. Caja", "{3A9F3669-AA83-4237-9EFF-522EB11DFEB8}"
EndProject
Project("{2150E333-8FDC-42A3-9474-1A3956D46DE8}") = "02. Faturacion electronica", "02. Faturacion electronica", "{41E8A08A-C0BF-423B-A4F2-F122F7A0B1DA}"
EndProject
Project("{FAE04EC0-301F-11D3-BF4B-00C04F79EFBC}") = "HVLH.Facturacion.Comun", "HVLH.Facturacion.Comun\HVLH.Facturacion.Comun.csproj", "{8629E737-7B0D-4A6C-B8AA-48185281FC53}"
EndProject
Project("{FAE04EC0-301F-11D3-BF4B-00C04F79EFBC}") = "HVLH.Facturacion.Comun.Datos", "HVLH.Facturacion.Comun.Datos\HVLH.Facturacion.Comun.Datos.csproj", "{75E5C3F4-63CB-4A29-BC56-A34AF15EA90C}"
EndProject
Project("{FAE04EC0-301F-11D3-BF4B-00C04F79EFBC}") = "HVLH.Facturacion.Estructuras", "HVLH.Facturacion.Estructuras\HVLH.Facturacion.Estructuras.csproj", "{2AFE98A4-D772-4671-BA0D-EF70A12859C4}"
EndProject
Project("{FAE04EC0-301F-11D3-BF4B-00C04F79EFBC}") = "HVLH.Facturacion.Firmas", "HVLH.Facturacion.Firmas\HVLH.Facturacion.Firmas.csproj", "{FF820223-2F03-4241-88F3-9E3ED1F68625}"
EndProject
Project("{FAE04EC0-301F-11D3-BF4B-00C04F79EFBC}") = "HVLH.Facturacion.Xml", "HVLH.Facturacion.Xml\HVLH.Facturacion.Xml.csproj", "{C90C8004-F26D-4551-85A2-80C5F1740512}"
EndProject
Project("{FAE04EC0-301F-11D3-BF4B-00C04F79EFBC}") = "HVLH.Facturacion.Servicio", "HVLH.Facturacion.Servicio\HVLH.Facturacion.Servicio.csproj", "{181DCBBF-E25C-42D3-BEA1-819D2CDD8864}"
EndProject
Project("{FAE04EC0-301F-11D3-BF4B-00C04F79EFBC}") = "HVLH.Facturacion.Servicio.SOAP", "HVLH.Facturacion.Servicio.SOAP\HVLH.Facturacion.Servicio.SOAP.csproj", "{1BCF11A0-4897-4AAD-B467-14870A8D0F83}"
EndProject
Project("{FAE04EC0-301F-11D3-BF4B-00C04F79EFBC}") = "HVLH.Facturacion.Servicio.Api", "HVLH.Facturacion.Servicio.Api\HVLH.Facturacion.Servicio.Api.csproj", "{0AA678BA-0360-479E-9E18-9F4277D8B0D1}"
EndProject
Global
	GlobalSection(SolutionConfigurationPlatforms) = preSolution
		Debug|Any CPU = Debug|Any CPU
		Debug|x64 = Debug|x64
		Debug|x86 = Debug|x86
		Release|Any CPU = Release|Any CPU
		Release|x64 = Release|x64
		Release|x86 = Release|x86
	EndGlobalSection
	GlobalSection(ProjectConfigurationPlatforms) = postSolution
		{82F4D07B-A81D-43CA-83E0-C7DA61508215}.Debug|Any CPU.ActiveCfg = Debug|Any CPU
		{82F4D07B-A81D-43CA-83E0-C7DA61508215}.Debug|Any CPU.Build.0 = Debug|Any CPU
		{82F4D07B-A81D-43CA-83E0-C7DA61508215}.Debug|x64.ActiveCfg = Debug|x64
		{82F4D07B-A81D-43CA-83E0-C7DA61508215}.Debug|x64.Build.0 = Debug|x64
		{82F4D07B-A81D-43CA-83E0-C7DA61508215}.Debug|x86.ActiveCfg = Debug|x86
		{82F4D07B-A81D-43CA-83E0-C7DA61508215}.Debug|x86.Build.0 = Debug|x86
		{82F4D07B-A81D-43CA-83E0-C7DA61508215}.Release|Any CPU.ActiveCfg = Release|Any CPU
		{82F4D07B-A81D-43CA-83E0-C7DA61508215}.Release|Any CPU.Build.0 = Release|Any CPU
		{82F4D07B-A81D-43CA-83E0-C7DA61508215}.Release|x64.ActiveCfg = Release|x64
		{82F4D07B-A81D-43CA-83E0-C7DA61508215}.Release|x64.Build.0 = Release|x64
		{82F4D07B-A81D-43CA-83E0-C7DA61508215}.Release|x86.ActiveCfg = Release|x86
		{82F4D07B-A81D-43CA-83E0-C7DA61508215}.Release|x86.Build.0 = Release|x86
		{A11FA77F-780A-49C2-B5BF-9629879AF622}.Debug|Any CPU.ActiveCfg = Debug|Any CPU
		{A11FA77F-780A-49C2-B5BF-9629879AF622}.Debug|Any CPU.Build.0 = Debug|Any CPU
		{A11FA77F-780A-49C2-B5BF-9629879AF622}.Debug|x64.ActiveCfg = Debug|x64
		{A11FA77F-780A-49C2-B5BF-9629879AF622}.Debug|x64.Build.0 = Debug|x64
		{A11FA77F-780A-49C2-B5BF-9629879AF622}.Debug|x86.ActiveCfg = Debug|x86
		{A11FA77F-780A-49C2-B5BF-9629879AF622}.Debug|x86.Build.0 = Debug|x86
		{A11FA77F-780A-49C2-B5BF-9629879AF622}.Release|Any CPU.ActiveCfg = Release|Any CPU
		{A11FA77F-780A-49C2-B5BF-9629879AF622}.Release|Any CPU.Build.0 = Release|Any CPU
		{A11FA77F-780A-49C2-B5BF-9629879AF622}.Release|x64.ActiveCfg = Release|x64
		{A11FA77F-780A-49C2-B5BF-9629879AF622}.Release|x64.Build.0 = Release|x64
		{A11FA77F-780A-49C2-B5BF-9629879AF622}.Release|x86.ActiveCfg = Release|x86
		{A11FA77F-780A-49C2-B5BF-9629879AF622}.Release|x86.Build.0 = Release|x86
		{005F49BE-99D6-47A1-AC46-6F757886A339}.Debug|Any CPU.ActiveCfg = Debug|Any CPU
		{005F49BE-99D6-47A1-AC46-6F757886A339}.Debug|Any CPU.Build.0 = Debug|Any CPU
		{005F49BE-99D6-47A1-AC46-6F757886A339}.Debug|x64.ActiveCfg = Debug|x64
		{005F49BE-99D6-47A1-AC46-6F757886A339}.Debug|x64.Build.0 = Debug|x64
		{005F49BE-99D6-47A1-AC46-6F757886A339}.Debug|x86.ActiveCfg = Debug|x86
		{005F49BE-99D6-47A1-AC46-6F757886A339}.Debug|x86.Build.0 = Debug|x86
		{005F49BE-99D6-47A1-AC46-6F757886A339}.Release|Any CPU.ActiveCfg = Release|Any CPU
		{005F49BE-99D6-47A1-AC46-6F757886A339}.Release|Any CPU.Build.0 = Release|Any CPU
		{005F49BE-99D6-47A1-AC46-6F757886A339}.Release|x64.ActiveCfg = Release|x64
		{005F49BE-99D6-47A1-AC46-6F757886A339}.Release|x64.Build.0 = Release|x64
		{005F49BE-99D6-47A1-AC46-6F757886A339}.Release|x86.ActiveCfg = Release|x86
		{005F49BE-99D6-47A1-AC46-6F757886A339}.Release|x86.Build.0 = Release|x86
		{C7DB9AB5-C847-407F-90CE-21B44EC9F344}.Debug|Any CPU.ActiveCfg = Debug|Any CPU
		{C7DB9AB5-C847-407F-90CE-21B44EC9F344}.Debug|Any CPU.Build.0 = Debug|Any CPU
		{C7DB9AB5-C847-407F-90CE-21B44EC9F344}.Debug|x64.ActiveCfg = Debug|x64
		{C7DB9AB5-C847-407F-90CE-21B44EC9F344}.Debug|x64.Build.0 = Debug|x64
		{C7DB9AB5-C847-407F-90CE-21B44EC9F344}.Debug|x86.ActiveCfg = Debug|x86
		{C7DB9AB5-C847-407F-90CE-21B44EC9F344}.Debug|x86.Build.0 = Debug|x86
		{C7DB9AB5-C847-407F-90CE-21B44EC9F344}.Release|Any CPU.ActiveCfg = Release|Any CPU
		{C7DB9AB5-C847-407F-90CE-21B44EC9F344}.Release|Any CPU.Build.0 = Release|Any CPU
		{C7DB9AB5-C847-407F-90CE-21B44EC9F344}.Release|x64.ActiveCfg = Release|x64
		{C7DB9AB5-C847-407F-90CE-21B44EC9F344}.Release|x64.Build.0 = Release|x64
		{C7DB9AB5-C847-407F-90CE-21B44EC9F344}.Release|x86.ActiveCfg = Release|x86
		{C7DB9AB5-C847-407F-90CE-21B44EC9F344}.Release|x86.Build.0 = Release|x86
		{4B3BA4FF-0329-482B-B402-2483B51CA221}.Debug|Any CPU.ActiveCfg = Debug|Any CPU
		{4B3BA4FF-0329-482B-B402-2483B51CA221}.Debug|Any CPU.Build.0 = Debug|Any CPU
		{4B3BA4FF-0329-482B-B402-2483B51CA221}.Debug|x64.ActiveCfg = Debug|x64
		{4B3BA4FF-0329-482B-B402-2483B51CA221}.Debug|x64.Build.0 = Debug|x64
		{4B3BA4FF-0329-482B-B402-2483B51CA221}.Debug|x86.ActiveCfg = Debug|x86
		{4B3BA4FF-0329-482B-B402-2483B51CA221}.Debug|x86.Build.0 = Debug|x86
		{4B3BA4FF-0329-482B-B402-2483B51CA221}.Release|Any CPU.ActiveCfg = Release|Any CPU
		{4B3BA4FF-0329-482B-B402-2483B51CA221}.Release|Any CPU.Build.0 = Release|Any CPU
		{4B3BA4FF-0329-482B-B402-2483B51CA221}.Release|x64.ActiveCfg = Release|x64
		{4B3BA4FF-0329-482B-B402-2483B51CA221}.Release|x64.Build.0 = Release|x64
		{4B3BA4FF-0329-482B-B402-2483B51CA221}.Release|x86.ActiveCfg = Release|x86
		{4B3BA4FF-0329-482B-B402-2483B51CA221}.Release|x86.Build.0 = Release|x86
		{D3C04EF9-32FF-43D5-8BF6-D69205FA4064}.Debug|Any CPU.ActiveCfg = Debug|Any CPU
		{D3C04EF9-32FF-43D5-8BF6-D69205FA4064}.Debug|Any CPU.Build.0 = Debug|Any CPU
		{D3C04EF9-32FF-43D5-8BF6-D69205FA4064}.Debug|x64.ActiveCfg = Debug|Any CPU
		{D3C04EF9-32FF-43D5-8BF6-D69205FA4064}.Debug|x64.Build.0 = Debug|Any CPU
		{D3C04EF9-32FF-43D5-8BF6-D69205FA4064}.Debug|x86.ActiveCfg = Debug|Any CPU
		{D3C04EF9-32FF-43D5-8BF6-D69205FA4064}.Debug|x86.Build.0 = Debug|Any CPU
		{D3C04EF9-32FF-43D5-8BF6-D69205FA4064}.Release|Any CPU.ActiveCfg = Release|Any CPU
		{D3C04EF9-32FF-43D5-8BF6-D69205FA4064}.Release|Any CPU.Build.0 = Release|Any CPU
		{D3C04EF9-32FF-43D5-8BF6-D69205FA4064}.Release|x64.ActiveCfg = Release|Any CPU
		{D3C04EF9-32FF-43D5-8BF6-D69205FA4064}.Release|x64.Build.0 = Release|Any CPU
		{D3C04EF9-32FF-43D5-8BF6-D69205FA4064}.Release|x86.ActiveCfg = Release|Any CPU
		{D3C04EF9-32FF-43D5-8BF6-D69205FA4064}.Release|x86.Build.0 = Release|Any CPU
		{8629E737-7B0D-4A6C-B8AA-48185281FC53}.Debug|Any CPU.ActiveCfg = Debug|Any CPU
		{8629E737-7B0D-4A6C-B8AA-48185281FC53}.Debug|Any CPU.Build.0 = Debug|Any CPU
		{8629E737-7B0D-4A6C-B8AA-48185281FC53}.Debug|x64.ActiveCfg = Debug|Any CPU
		{8629E737-7B0D-4A6C-B8AA-48185281FC53}.Debug|x64.Build.0 = Debug|Any CPU
		{8629E737-7B0D-4A6C-B8AA-48185281FC53}.Debug|x86.ActiveCfg = Debug|Any CPU
		{8629E737-7B0D-4A6C-B8AA-48185281FC53}.Debug|x86.Build.0 = Debug|Any CPU
		{8629E737-7B0D-4A6C-B8AA-48185281FC53}.Release|Any CPU.ActiveCfg = Release|Any CPU
		{8629E737-7B0D-4A6C-B8AA-48185281FC53}.Release|Any CPU.Build.0 = Release|Any CPU
		{8629E737-7B0D-4A6C-B8AA-48185281FC53}.Release|x64.ActiveCfg = Release|Any CPU
		{8629E737-7B0D-4A6C-B8AA-48185281FC53}.Release|x64.Build.0 = Release|Any CPU
		{8629E737-7B0D-4A6C-B8AA-48185281FC53}.Release|x86.ActiveCfg = Release|Any CPU
		{8629E737-7B0D-4A6C-B8AA-48185281FC53}.Release|x86.Build.0 = Release|Any CPU
		{75E5C3F4-63CB-4A29-BC56-A34AF15EA90C}.Debug|Any CPU.ActiveCfg = Debug|Any CPU
		{75E5C3F4-63CB-4A29-BC56-A34AF15EA90C}.Debug|Any CPU.Build.0 = Debug|Any CPU
		{75E5C3F4-63CB-4A29-BC56-A34AF15EA90C}.Debug|x64.ActiveCfg = Debug|Any CPU
		{75E5C3F4-63CB-4A29-BC56-A34AF15EA90C}.Debug|x64.Build.0 = Debug|Any CPU
		{75E5C3F4-63CB-4A29-BC56-A34AF15EA90C}.Debug|x86.ActiveCfg = Debug|Any CPU
		{75E5C3F4-63CB-4A29-BC56-A34AF15EA90C}.Debug|x86.Build.0 = Debug|Any CPU
		{75E5C3F4-63CB-4A29-BC56-A34AF15EA90C}.Release|Any CPU.ActiveCfg = Release|Any CPU
		{75E5C3F4-63CB-4A29-BC56-A34AF15EA90C}.Release|Any CPU.Build.0 = Release|Any CPU
		{75E5C3F4-63CB-4A29-BC56-A34AF15EA90C}.Release|x64.ActiveCfg = Release|Any CPU
		{75E5C3F4-63CB-4A29-BC56-A34AF15EA90C}.Release|x64.Build.0 = Release|Any CPU
		{75E5C3F4-63CB-4A29-BC56-A34AF15EA90C}.Release|x86.ActiveCfg = Release|Any CPU
		{75E5C3F4-63CB-4A29-BC56-A34AF15EA90C}.Release|x86.Build.0 = Release|Any CPU
		{2AFE98A4-D772-4671-BA0D-EF70A12859C4}.Debug|Any CPU.ActiveCfg = Debug|Any CPU
		{2AFE98A4-D772-4671-BA0D-EF70A12859C4}.Debug|Any CPU.Build.0 = Debug|Any CPU
		{2AFE98A4-D772-4671-BA0D-EF70A12859C4}.Debug|x64.ActiveCfg = Debug|Any CPU
		{2AFE98A4-D772-4671-BA0D-EF70A12859C4}.Debug|x64.Build.0 = Debug|Any CPU
		{2AFE98A4-D772-4671-BA0D-EF70A12859C4}.Debug|x86.ActiveCfg = Debug|Any CPU
		{2AFE98A4-D772-4671-BA0D-EF70A12859C4}.Debug|x86.Build.0 = Debug|Any CPU
		{2AFE98A4-D772-4671-BA0D-EF70A12859C4}.Release|Any CPU.ActiveCfg = Release|Any CPU
		{2AFE98A4-D772-4671-BA0D-EF70A12859C4}.Release|Any CPU.Build.0 = Release|Any CPU
		{2AFE98A4-D772-4671-BA0D-EF70A12859C4}.Release|x64.ActiveCfg = Release|Any CPU
		{2AFE98A4-D772-4671-BA0D-EF70A12859C4}.Release|x64.Build.0 = Release|Any CPU
		{2AFE98A4-D772-4671-BA0D-EF70A12859C4}.Release|x86.ActiveCfg = Release|Any CPU
		{2AFE98A4-D772-4671-BA0D-EF70A12859C4}.Release|x86.Build.0 = Release|Any CPU
		{FF820223-2F03-4241-88F3-9E3ED1F68625}.Debug|Any CPU.ActiveCfg = Debug|Any CPU
		{FF820223-2F03-4241-88F3-9E3ED1F68625}.Debug|Any CPU.Build.0 = Debug|Any CPU
		{FF820223-2F03-4241-88F3-9E3ED1F68625}.Debug|x64.ActiveCfg = Debug|Any CPU
		{FF820223-2F03-4241-88F3-9E3ED1F68625}.Debug|x64.Build.0 = Debug|Any CPU
		{FF820223-2F03-4241-88F3-9E3ED1F68625}.Debug|x86.ActiveCfg = Debug|Any CPU
		{FF820223-2F03-4241-88F3-9E3ED1F68625}.Debug|x86.Build.0 = Debug|Any CPU
		{FF820223-2F03-4241-88F3-9E3ED1F68625}.Release|Any CPU.ActiveCfg = Release|Any CPU
		{FF820223-2F03-4241-88F3-9E3ED1F68625}.Release|Any CPU.Build.0 = Release|Any CPU
		{FF820223-2F03-4241-88F3-9E3ED1F68625}.Release|x64.ActiveCfg = Release|Any CPU
		{FF820223-2F03-4241-88F3-9E3ED1F68625}.Release|x64.Build.0 = Release|Any CPU
		{FF820223-2F03-4241-88F3-9E3ED1F68625}.Release|x86.ActiveCfg = Release|Any CPU
		{FF820223-2F03-4241-88F3-9E3ED1F68625}.Release|x86.Build.0 = Release|Any CPU
		{C90C8004-F26D-4551-85A2-80C5F1740512}.Debug|Any CPU.ActiveCfg = Debug|Any CPU
		{C90C8004-F26D-4551-85A2-80C5F1740512}.Debug|Any CPU.Build.0 = Debug|Any CPU
		{C90C8004-F26D-4551-85A2-80C5F1740512}.Debug|x64.ActiveCfg = Debug|Any CPU
		{C90C8004-F26D-4551-85A2-80C5F1740512}.Debug|x64.Build.0 = Debug|Any CPU
		{C90C8004-F26D-4551-85A2-80C5F1740512}.Debug|x86.ActiveCfg = Debug|Any CPU
		{C90C8004-F26D-4551-85A2-80C5F1740512}.Debug|x86.Build.0 = Debug|Any CPU
		{C90C8004-F26D-4551-85A2-80C5F1740512}.Release|Any CPU.ActiveCfg = Release|Any CPU
		{C90C8004-F26D-4551-85A2-80C5F1740512}.Release|Any CPU.Build.0 = Release|Any CPU
		{C90C8004-F26D-4551-85A2-80C5F1740512}.Release|x64.ActiveCfg = Release|Any CPU
		{C90C8004-F26D-4551-85A2-80C5F1740512}.Release|x64.Build.0 = Release|Any CPU
		{C90C8004-F26D-4551-85A2-80C5F1740512}.Release|x86.ActiveCfg = Release|Any CPU
		{C90C8004-F26D-4551-85A2-80C5F1740512}.Release|x86.Build.0 = Release|Any CPU
		{181DCBBF-E25C-42D3-BEA1-819D2CDD8864}.Debug|Any CPU.ActiveCfg = Debug|Any CPU
		{181DCBBF-E25C-42D3-BEA1-819D2CDD8864}.Debug|Any CPU.Build.0 = Debug|Any CPU
		{181DCBBF-E25C-42D3-BEA1-819D2CDD8864}.Debug|x64.ActiveCfg = Debug|Any CPU
		{181DCBBF-E25C-42D3-BEA1-819D2CDD8864}.Debug|x64.Build.0 = Debug|Any CPU
		{181DCBBF-E25C-42D3-BEA1-819D2CDD8864}.Debug|x86.ActiveCfg = Debug|Any CPU
		{181DCBBF-E25C-42D3-BEA1-819D2CDD8864}.Debug|x86.Build.0 = Debug|Any CPU
		{181DCBBF-E25C-42D3-BEA1-819D2CDD8864}.Release|Any CPU.ActiveCfg = Release|Any CPU
		{181DCBBF-E25C-42D3-BEA1-819D2CDD8864}.Release|Any CPU.Build.0 = Release|Any CPU
		{181DCBBF-E25C-42D3-BEA1-819D2CDD8864}.Release|x64.ActiveCfg = Release|Any CPU
		{181DCBBF-E25C-42D3-BEA1-819D2CDD8864}.Release|x64.Build.0 = Release|Any CPU
		{181DCBBF-E25C-42D3-BEA1-819D2CDD8864}.Release|x86.ActiveCfg = Release|Any CPU
		{181DCBBF-E25C-42D3-BEA1-819D2CDD8864}.Release|x86.Build.0 = Release|Any CPU
		{1BCF11A0-4897-4AAD-B467-14870A8D0F83}.Debug|Any CPU.ActiveCfg = Debug|Any CPU
		{1BCF11A0-4897-4AAD-B467-14870A8D0F83}.Debug|Any CPU.Build.0 = Debug|Any CPU
		{1BCF11A0-4897-4AAD-B467-14870A8D0F83}.Debug|x64.ActiveCfg = Debug|Any CPU
		{1BCF11A0-4897-4AAD-B467-14870A8D0F83}.Debug|x64.Build.0 = Debug|Any CPU
		{1BCF11A0-4897-4AAD-B467-14870A8D0F83}.Debug|x86.ActiveCfg = Debug|Any CPU
		{1BCF11A0-4897-4AAD-B467-14870A8D0F83}.Debug|x86.Build.0 = Debug|Any CPU
		{1BCF11A0-4897-4AAD-B467-14870A8D0F83}.Release|Any CPU.ActiveCfg = Release|Any CPU
		{1BCF11A0-4897-4AAD-B467-14870A8D0F83}.Release|Any CPU.Build.0 = Release|Any CPU
		{1BCF11A0-4897-4AAD-B467-14870A8D0F83}.Release|x64.ActiveCfg = Release|Any CPU
		{1BCF11A0-4897-4AAD-B467-14870A8D0F83}.Release|x64.Build.0 = Release|Any CPU
		{1BCF11A0-4897-4AAD-B467-14870A8D0F83}.Release|x86.ActiveCfg = Release|Any CPU
		{1BCF11A0-4897-4AAD-B467-14870A8D0F83}.Release|x86.Build.0 = Release|Any CPU
		{0AA678BA-0360-479E-9E18-9F4277D8B0D1}.Debug|Any CPU.ActiveCfg = Debug|Any CPU
		{0AA678BA-0360-479E-9E18-9F4277D8B0D1}.Debug|Any CPU.Build.0 = Debug|Any CPU
		{0AA678BA-0360-479E-9E18-9F4277D8B0D1}.Debug|x64.ActiveCfg = Debug|Any CPU
		{0AA678BA-0360-479E-9E18-9F4277D8B0D1}.Debug|x64.Build.0 = Debug|Any CPU
		{0AA678BA-0360-479E-9E18-9F4277D8B0D1}.Debug|x86.ActiveCfg = Debug|Any CPU
		{0AA678BA-0360-479E-9E18-9F4277D8B0D1}.Debug|x86.Build.0 = Debug|Any CPU
		{0AA678BA-0360-479E-9E18-9F4277D8B0D1}.Release|Any CPU.ActiveCfg = Release|Any CPU
		{0AA678BA-0360-479E-9E18-9F4277D8B0D1}.Release|Any CPU.Build.0 = Release|Any CPU
		{0AA678BA-0360-479E-9E18-9F4277D8B0D1}.Release|x64.ActiveCfg = Release|Any CPU
		{0AA678BA-0360-479E-9E18-9F4277D8B0D1}.Release|x64.Build.0 = Release|Any CPU
		{0AA678BA-0360-479E-9E18-9F4277D8B0D1}.Release|x86.ActiveCfg = Release|Any CPU
		{0AA678BA-0360-479E-9E18-9F4277D8B0D1}.Release|x86.Build.0 = Release|Any CPU
	EndGlobalSection
	GlobalSection(SolutionProperties) = preSolution
		HideSolutionNode = FALSE
	EndGlobalSection
	GlobalSection(NestedProjects) = preSolution
		{82F4D07B-A81D-43CA-83E0-C7DA61508215} = {3A9F3669-AA83-4237-9EFF-522EB11DFEB8}
		{A11FA77F-780A-49C2-B5BF-9629879AF622} = {3A9F3669-AA83-4237-9EFF-522EB11DFEB8}
		{005F49BE-99D6-47A1-AC46-6F757886A339} = {3A9F3669-AA83-4237-9EFF-522EB11DFEB8}
		{C7DB9AB5-C847-407F-90CE-21B44EC9F344} = {3A9F3669-AA83-4237-9EFF-522EB11DFEB8}
		{4B3BA4FF-0329-482B-B402-2483B51CA221} = {3A9F3669-AA83-4237-9EFF-522EB11DFEB8}
		{D3C04EF9-32FF-43D5-8BF6-D69205FA4064} = {3A9F3669-AA83-4237-9EFF-522EB11DFEB8}
		{8629E737-7B0D-4A6C-B8AA-48185281FC53} = {41E8A08A-C0BF-423B-A4F2-F122F7A0B1DA}
		{75E5C3F4-63CB-4A29-BC56-A34AF15EA90C} = {41E8A08A-C0BF-423B-A4F2-F122F7A0B1DA}
		{2AFE98A4-D772-4671-BA0D-EF70A12859C4} = {41E8A08A-C0BF-423B-A4F2-F122F7A0B1DA}
		{FF820223-2F03-4241-88F3-9E3ED1F68625} = {41E8A08A-C0BF-423B-A4F2-F122F7A0B1DA}
		{C90C8004-F26D-4551-85A2-80C5F1740512} = {41E8A08A-C0BF-423B-A4F2-F122F7A0B1DA}
		{181DCBBF-E25C-42D3-BEA1-819D2CDD8864} = {41E8A08A-C0BF-423B-A4F2-F122F7A0B1DA}
		{1BCF11A0-4897-4AAD-B467-14870A8D0F83} = {41E8A08A-C0BF-423B-A4F2-F122F7A0B1DA}
		{0AA678BA-0360-479E-9E18-9F4277D8B0D1} = {41E8A08A-C0BF-423B-A4F2-F122F7A0B1DA}
	EndGlobalSection
	GlobalSection(ExtensibilityGlobals) = postSolution
		SolutionGuid = {49EBBA7D-46E6-47B2-BAD3-275F98AB2AEF}
	EndGlobalSection
EndGlobal
